
Microsoft Visual Studio Solution File, Format Version 12.00
# Visual Studio 2015
Project("{FAE04EC0-301F-11D3-BF4B-00C04F79EFBC}") = "LifeMarble.CSharp", "LifeMarble.CSharp.csproj", "{15587FB6-5949-EAD4-59E5-B96B8DA56BB0}"
EndProject
Project("{FAE04EC0-301F-11D3-BF4B-00C04F79EFBC}") = "LifeMarble.CSharp.Editor", "LifeMarble.CSharp.Editor.csproj", "{FA3613EA-3367-B8AD-FBFF-E54F8DD353A4}"
EndProject
Global
	GlobalSection(SolutionConfigurationPlatforms) = preSolution
		Debug|Any CPU = Debug|Any CPU
		Release|Any CPU = Release|Any CPU
	EndGlobalSection
	GlobalSection(ProjectConfigurationPlatforms) = postSolution
		{15587FB6-5949-EAD4-59E5-B96B8DA56BB0}.Debug|Any CPU.ActiveCfg = Debug|Any CPU
		{15587FB6-5949-EAD4-59E5-B96B8DA56BB0}.Debug|Any CPU.Build.0 = Debug|Any CPU
		{15587FB6-5949-EAD4-59E5-B96B8DA56BB0}.Release|Any CPU.ActiveCfg = Release|Any CPU
		{15587FB6-5949-EAD4-59E5-B96B8DA56BB0}.Release|Any CPU.Build.0 = Release|Any CPU
		{FA3613EA-3367-B8AD-FBFF-E54F8DD353A4}.Debug|Any CPU.ActiveCfg = Debug|Any CPU
		{FA3613EA-3367-B8AD-FBFF-E54F8DD353A4}.Debug|Any CPU.Build.0 = Debug|Any CPU
		{FA3613EA-3367-B8AD-FBFF-E54F8DD353A4}.Release|Any CPU.ActiveCfg = Release|Any CPU
		{FA3613EA-3367-B8AD-FBFF-E54F8DD353A4}.Release|Any CPU.Build.0 = Release|Any CPU
	EndGlobalSection
	GlobalSection(SolutionProperties) = preSolution
		HideSolutionNode = FALSE
	EndGlobalSection
EndGlobal
